# THIS IS AN AUTOGENERATED FILE. DO NOT EDIT THIS FILE DIRECTLY.
# yarn lockfile v1


"@babel/runtime-corejs3@7.17.8":
  version "7.17.8"
  resolved "https://registry.yarnpkg.com/@babel/runtime-corejs3/-/runtime-corejs3-7.17.8.tgz#d7dd49fb812f29c61c59126da3792d8740d4e284"
  integrity sha512-ZbYSUvoSF6dXZmMl/CYTMOvzIFnbGfv4W3SEHYgMvNsFTeLaF2gkGAF4K2ddmtSK4Emej+0aYcnSC6N5dPCXUQ==
  dependencies:
    core-js-pure "^3.20.2"
    regenerator-runtime "^0.13.4"

"@babel/runtime@7.17.9":
  version "7.17.9"
  resolved "https://registry.yarnpkg.com/@babel/runtime/-/runtime-7.17.9.tgz#d19fbf802d01a8cb6cf053a64e472d42c434ba72"
  integrity sha512-lSiBBvodq29uShpWGNbgFdKYNiFDo5/HIYsaCEY9ff4sb10x9jizo2+pRrSyF4jKZCXqgzuqBOQKbUm90gQwJg==
  dependencies:
    regenerator-runtime "^0.13.4"

"@next/env@12.1.6":
  version "12.1.6"
  resolved "https://registry.yarnpkg.com/@next/env/-/env-12.1.6.tgz#5f44823a78335355f00f1687cfc4f1dafa3eca08"
  integrity sha512-Te/OBDXFSodPU6jlXYPAXpmZr/AkG6DCATAxttQxqOWaq6eDFX25Db3dK0120GZrSZmv4QCe9KsZmJKDbWs4OA==

"@next/swc-android-arm-eabi@12.1.6":
  version "12.1.6"
  resolved "https://registry.yarnpkg.com/@next/swc-android-arm-eabi/-/swc-android-arm-eabi-12.1.6.tgz#79a35349b98f2f8c038ab6261aa9cd0d121c03f9"
  integrity sha512-BxBr3QAAAXWgk/K7EedvzxJr2dE014mghBSA9iOEAv0bMgF+MRq4PoASjuHi15M2zfowpcRG8XQhMFtxftCleQ==

"@next/swc-android-arm64@12.1.6":
  version "12.1.6"
  resolved "https://registry.yarnpkg.com/@next/swc-android-arm64/-/swc-android-arm64-12.1.6.tgz#ec08ea61794f8752c8ebcacbed0aafc5b9407456"
  integrity sha512-EboEk3ROYY7U6WA2RrMt/cXXMokUTXXfnxe2+CU+DOahvbrO8QSWhlBl9I9ZbFzJx28AGB9Yo3oQHCvph/4Lew==

"@next/swc-darwin-arm64@12.1.6":
  version "12.1.6"
  resolved "https://registry.yarnpkg.com/@next/swc-darwin-arm64/-/swc-darwin-arm64-12.1.6.tgz#d1053805615fd0706e9b1667893a72271cd87119"
  integrity sha512-P0EXU12BMSdNj1F7vdkP/VrYDuCNwBExtRPDYawgSUakzi6qP0iKJpya2BuLvNzXx+XPU49GFuDC5X+SvY0mOw==

"@next/swc-darwin-x64@12.1.6":
  version "12.1.6"
  resolved "https://registry.yarnpkg.com/@next/swc-darwin-x64/-/swc-darwin-x64-12.1.6.tgz#2d1b926a22f4c5230d5b311f9c56cfdcc406afec"
  integrity sha512-9FptMnbgHJK3dRDzfTpexs9S2hGpzOQxSQbe8omz6Pcl7rnEp9x4uSEKY51ho85JCjL4d0tDLBcXEJZKKLzxNg==

"@next/swc-linux-arm-gnueabihf@12.1.6":
  version "12.1.6"
  resolved "https://registry.yarnpkg.com/@next/swc-linux-arm-gnueabihf/-/swc-linux-arm-gnueabihf-12.1.6.tgz#c021918d2a94a17f823106a5e069335b8a19724f"
  integrity sha512-PvfEa1RR55dsik/IDkCKSFkk6ODNGJqPY3ysVUZqmnWMDSuqFtf7BPWHFa/53znpvVB5XaJ5Z1/6aR5CTIqxPw==

"@next/swc-linux-arm64-gnu@12.1.6":
  version "12.1.6"
  resolved "https://registry.yarnpkg.com/@next/swc-linux-arm64-gnu/-/swc-linux-arm64-gnu-12.1.6.tgz#ac55c07bfabde378dfa0ce2b8fc1c3b2897e81ae"
  integrity sha512-53QOvX1jBbC2ctnmWHyRhMajGq7QZfl974WYlwclXarVV418X7ed7o/EzGY+YVAEKzIVaAB9JFFWGXn8WWo0gQ==

"@next/swc-linux-arm64-musl@12.1.6":
  version "12.1.6"
  resolved "https://registry.yarnpkg.com/@next/swc-linux-arm64-musl/-/swc-linux-arm64-musl-12.1.6.tgz#e429f826279894be9096be6bec13e75e3d6bd671"
  integrity sha512-CMWAkYqfGdQCS+uuMA1A2UhOfcUYeoqnTW7msLr2RyYAys15pD960hlDfq7QAi8BCAKk0sQ2rjsl0iqMyziohQ==

"@next/swc-linux-x64-gnu@12.1.6":
  version "12.1.6"
  resolved "https://registry.yarnpkg.com/@next/swc-linux-x64-gnu/-/swc-linux-x64-gnu-12.1.6.tgz#1f276c0784a5ca599bfa34b2fcc0b38f3a738e08"
  integrity sha512-AC7jE4Fxpn0s3ujngClIDTiEM/CQiB2N2vkcyWWn6734AmGT03Duq6RYtPMymFobDdAtZGFZd5nR95WjPzbZAQ==

"@next/swc-linux-x64-musl@12.1.6":
  version "12.1.6"
  resolved "https://registry.yarnpkg.com/@next/swc-linux-x64-musl/-/swc-linux-x64-musl-12.1.6.tgz#1d9933dd6ba303dcfd8a2acd6ac7c27ed41e2eea"
  integrity sha512-c9Vjmi0EVk0Kou2qbrynskVarnFwfYIi+wKufR9Ad7/IKKuP6aEhOdZiIIdKsYWRtK2IWRF3h3YmdnEa2WLUag==

"@next/swc-win32-arm64-msvc@12.1.6":
  version "12.1.6"
  resolved "https://registry.yarnpkg.com/@next/swc-win32-arm64-msvc/-/swc-win32-arm64-msvc-12.1.6.tgz#2ef9837f12ca652b1783d72ecb86208906042f02"
  integrity sha512-3UTOL/5XZSKFelM7qN0it35o3Cegm6LsyuERR3/OoqEExyj3aCk7F025b54/707HTMAnjlvQK3DzLhPu/xxO4g==

"@next/swc-win32-ia32-msvc@12.1.6":
  version "12.1.6"
  resolved "https://registry.yarnpkg.com/@next/swc-win32-ia32-msvc/-/swc-win32-ia32-msvc-12.1.6.tgz#74003d0aa1c59dfa56cb15481a5c607cbc0027b9"
  integrity sha512-8ZWoj6nCq6fI1yCzKq6oK0jE6Mxlz4MrEsRyu0TwDztWQWe7rh4XXGLAa2YVPatYcHhMcUL+fQQbqd1MsgaSDA==

"@next/swc-win32-x64-msvc@12.1.6":
  version "12.1.6"
  resolved "https://registry.yarnpkg.com/@next/swc-win32-x64-msvc/-/swc-win32-x64-msvc-12.1.6.tgz#a350caf42975e7197b24b495b8d764eec7e6a36e"
  integrity sha512-4ZEwiRuZEicXhXqmhw3+de8Z4EpOLQj/gp+D9fFWo6ii6W1kBkNNvvEx4A90ugppu+74pT1lIJnOuz3A9oQeJA==

caniuse-lite@^1.0.30001332:
  version "1.0.30001352"
  resolved "https://registry.yarnpkg.com/caniuse-lite/-/caniuse-lite-1.0.30001352.tgz#cc6f5da3f983979ad1e2cdbae0505dccaa7c6a12"
  integrity sha512-GUgH8w6YergqPQDGWhJGt8GDRnY0L/iJVQcU3eJ46GYf52R8tk0Wxp0PymuFVZboJYXGiCqwozAYZNRjVj6IcA==

core-js-pure@^3.20.2:
  version "3.22.8"
  resolved "https://registry.yarnpkg.com/core-js-pure/-/core-js-pure-3.22.8.tgz#f2157793b58719196ccf9673cc14f3683adc0957"
  integrity sha512-bOxbZIy9S5n4OVH63XaLVXZ49QKicjowDx/UELyJ68vxfCRpYsbyh/WNZNfEfAk+ekA8vSjt+gCDpvh672bc3w==

crypto-js@4.1.1:
  version "4.1.1"
  resolved "https://registry.yarnpkg.com/crypto-js/-/crypto-js-4.1.1.tgz#9e485bcf03521041bd85844786b83fb7619736cf"
  integrity sha512-o2JlM7ydqd3Qk9CA0L4NL6mTzU2sdx96a+oOfPu8Mkl/PK51vSyoi8/rQ8NknZtk44vq15lmhAj9CIAGwgeWKw==

idb-keyval@6.0.3:
  version "6.0.3"
  resolved "https://registry.yarnpkg.com/idb-keyval/-/idb-keyval-6.0.3.tgz#e47246a15e55d0fff9fa204fd9ca06f90ff30c52"
  integrity sha512-yh8V7CnE6EQMu9YDwQXhRxwZh4nv+8xm/HV4ZqK4IiYFJBWYGjJuykADJbSP+F/GDXUBwCSSNn/14IpGL81TuA==
  dependencies:
    safari-14-idb-fix "^3.0.0"

"js-tokens@^3.0.0 || ^4.0.0":
  version "4.0.0"
  resolved "https://registry.yarnpkg.com/js-tokens/-/js-tokens-4.0.0.tgz#19203fb59991df98e3a287050d4647cdeaf32499"
  integrity sha512-RdJUflcE3cUzKiMqQgsCu06FPu9UdIJO0beYbPhHN4k6apgJtifcoCtT9bcxOpYBtpD2kCM6Sbzg4CausW/PKQ==

loose-envify@^1.1.0:
  version "1.4.0"
  resolved "https://registry.yarnpkg.com/loose-envify/-/loose-envify-1.4.0.tgz#71ee51fa7be4caec1a63839f7e682d8132d30caf"
  integrity sha512-lyuxPGr/Wfhrlem2CL/UcnUc1zcqKAImBDzukY7Y5F/yQiNdko6+fRLevlw1HgMySw7f611UIY408EtxRSoK3Q==
  dependencies:
    js-tokens "^3.0.0 || ^4.0.0"

nanoid@^3.1.30:
  version "3.3.4"
  resolved "https://registry.yarnpkg.com/nanoid/-/nanoid-3.3.4.tgz#730b67e3cd09e2deacf03c027c81c9d9dbc5e8ab"
  integrity sha512-MqBkQh/OHTS2egovRtLk45wEyNXwF+cokD+1YPf9u5VfJiRdAiRwB2froX5Co9Rh20xs4siNPm8naNotSD6RBw==

next@^12.1.6:
  version "12.1.6"
  resolved "https://registry.yarnpkg.com/next/-/next-12.1.6.tgz#eb205e64af1998651f96f9df44556d47d8bbc533"
  integrity sha512-cebwKxL3/DhNKfg9tPZDQmbRKjueqykHHbgaoG4VBRH3AHQJ2HO0dbKFiS1hPhe1/qgc2d/hFeadsbPicmLD+A==
  dependencies:
    "@next/env" "12.1.6"
    caniuse-lite "^1.0.30001332"
    postcss "8.4.5"
    styled-jsx "5.0.2"
  optionalDependencies:
    "@next/swc-android-arm-eabi" "12.1.6"
    "@next/swc-android-arm64" "12.1.6"
    "@next/swc-darwin-arm64" "12.1.6"
    "@next/swc-darwin-x64" "12.1.6"
    "@next/swc-linux-arm-gnueabihf" "12.1.6"
    "@next/swc-linux-arm64-gnu" "12.1.6"
    "@next/swc-linux-arm64-musl" "12.1.6"
    "@next/swc-linux-x64-gnu" "12.1.6"
    "@next/swc-linux-x64-musl" "12.1.6"
    "@next/swc-win32-arm64-msvc" "12.1.6"
    "@next/swc-win32-ia32-msvc" "12.1.6"
    "@next/swc-win32-x64-msvc" "12.1.6"

parse@^3.4.2:
  version "3.4.2"
  resolved "https://registry.yarnpkg.com/parse/-/parse-3.4.2.tgz#17e417b41f4c785b347fd8734e7b7d75c226d5a7"
  integrity sha512-Ruehcp/S7eB3A0lDG5eAPvZHa5pABCbUR+lMJL2gUNKJLZNcD9/s3RL255PwI5jTqa+TCJ7MdPqobUplouN1pQ==
  dependencies:
    "@babel/runtime" "7.17.9"
    "@babel/runtime-corejs3" "7.17.8"
    idb-keyval "6.0.3"
    react-native-crypto-js "1.0.0"
    uuid "3.4.0"
    ws "7.5.1"
    xmlhttprequest "1.8.0"
  optionalDependencies:
    crypto-js "4.1.1"

picocolors@^1.0.0:
  version "1.0.0"
  resolved "https://registry.yarnpkg.com/picocolors/-/picocolors-1.0.0.tgz#cb5bdc74ff3f51892236eaf79d68bc44564ab81c"
  integrity sha512-1fygroTLlHu66zi26VoTDv8yRgm0Fccecssto+MhsZ0D/DGW2sm8E8AjW7NU5VVTRt5GxbeZ5qBuJr+HyLYkjQ==

postcss@8.4.5:
  version "8.4.5"
  resolved "https://registry.yarnpkg.com/postcss/-/postcss-8.4.5.tgz#bae665764dfd4c6fcc24dc0fdf7e7aa00cc77f95"
  integrity sha512-jBDboWM8qpaqwkMwItqTQTiFikhs/67OYVvblFFTM7MrZjt6yMKd6r2kgXizEbTTljacm4NldIlZnhbjr84QYg==
  dependencies:
    nanoid "^3.1.30"
    picocolors "^1.0.0"
    source-map-js "^1.0.1"

react-dom@^18.1.0:
  version "18.1.0"
  resolved "https://registry.yarnpkg.com/react-dom/-/react-dom-18.1.0.tgz#7f6dd84b706408adde05e1df575b3a024d7e8a2f"
  integrity sha512-fU1Txz7Budmvamp7bshe4Zi32d0ll7ect+ccxNu9FlObT605GOEB8BfO4tmRJ39R5Zj831VCpvQ05QPBW5yb+w==
  dependencies:
    loose-envify "^1.1.0"
    scheduler "^0.22.0"

react-native-crypto-js@1.0.0:
  version "1.0.0"
  resolved "https://registry.yarnpkg.com/react-native-crypto-js/-/react-native-crypto-js-1.0.0.tgz#e677e022e147f41b35614416c92d655f87e2450a"
  integrity sha512-FNbLuG/HAdapQoybeZSoes1PWdOj0w242gb+e1R0hicf3Gyj/Mf8M9NaED2AnXVOX01b2FXomwUiw1xP1K+8sA==

react@^18.1.0:
  version "18.1.0"
  resolved "https://registry.yarnpkg.com/react/-/react-18.1.0.tgz#6f8620382decb17fdc5cc223a115e2adbf104890"
  integrity sha512-4oL8ivCz5ZEPyclFQXaNksK3adutVS8l2xzZU0cqEFrE9Sb7fC0EFK5uEk74wIreL1DERyjvsU915j1pcT2uEQ==
  dependencies:
    loose-envify "^1.1.0"

regenerator-runtime@^0.13.4:
  version "0.13.9"
  resolved "https://registry.yarnpkg.com/regenerator-runtime/-/regenerator-runtime-0.13.9.tgz#8925742a98ffd90814988d7566ad30ca3b263b52"
  integrity sha512-p3VT+cOEgxFsRRA9X4lkI1E+k2/CtnKtU4gcxyaCUreilL/vqI6CdZ3wxVUx3UOUg+gnUOQQcRI7BmSI656MYA==

safari-14-idb-fix@^3.0.0:
  version "3.0.0"
  resolved "https://registry.yarnpkg.com/safari-14-idb-fix/-/safari-14-idb-fix-3.0.0.tgz#450fc049b996ec7f3fd9ca2f89d32e0761583440"
  integrity sha512-eBNFLob4PMq8JA1dGyFn6G97q3/WzNtFK4RnzT1fnLq+9RyrGknzYiM/9B12MnKAxuj1IXr7UKYtTNtjyKMBog==

scheduler@^0.22.0:
  version "0.22.0"
  resolved "https://registry.yarnpkg.com/scheduler/-/scheduler-0.22.0.tgz#83a5d63594edf074add9a7198b1bae76c3db01b8"
  integrity sha512-6QAm1BgQI88NPYymgGQLCZgvep4FyePDWFpXVK+zNSUgHwlqpJy8VEh8Et0KxTACS4VWwMousBElAZOH9nkkoQ==
  dependencies:
    loose-envify "^1.1.0"

source-map-js@^1.0.1:
  version "1.0.2"
  resolved "https://registry.yarnpkg.com/source-map-js/-/source-map-js-1.0.2.tgz#adbc361d9c62df380125e7f161f71c826f1e490c"
  integrity sha512-R0XvVJ9WusLiqTCEiGCmICCMplcCkIwwR11mOSD9CR5u+IXYdiseeEuXCVAjS54zqwkLcPNnmU4OeJ6tUrWhDw==

styled-jsx@5.0.2:
  version "5.0.2"
  resolved "https://registry.yarnpkg.com/styled-jsx/-/styled-jsx-5.0.2.tgz#ff230fd593b737e9e68b630a694d460425478729"
  integrity sha512-LqPQrbBh3egD57NBcHET4qcgshPks+yblyhPlH2GY8oaDgKs8SK4C3dBh3oSJjgzJ3G5t1SYEZGHkP+QEpX9EQ==

uuid@3.4.0:
  version "3.4.0"
  resolved "https://registry.yarnpkg.com/uuid/-/uuid-3.4.0.tgz#b23e4358afa8a202fe7a100af1f5f883f02007ee"
  integrity sha512-HjSDRw6gZE5JMggctHBcjVak08+KEVhSIiDzFnT9S9aegmp85S/bReBVTb4QTFaRNptJ9kuYaNhnbNEOkbKb/A==

ws@7.5.1:
  version "7.5.1"
  resolved "https://registry.yarnpkg.com/ws/-/ws-7.5.1.tgz#44fc000d87edb1d9c53e51fbc69a0ac1f6871d66"
  integrity sha512-2c6faOUH/nhoQN6abwMloF7Iyl0ZS2E9HGtsiLrWn0zOOMWlhtDmdf/uihDt6jnuCxgtwGBNy6Onsoy2s2O2Ow==

xmlhttprequest@1.8.0:
  version "1.8.0"
  resolved "https://registry.yarnpkg.com/xmlhttprequest/-/xmlhttprequest-1.8.0.tgz#67fe075c5c24fef39f9d65f5f7b7fe75171968fc"
  integrity sha1-Z/4HXFwk/vOfnWX197f+dRcZaPw=
